
Microsoft Visual Studio Solution File, Format Version 12.00
# Visual Studio Version 17
VisualStudioVersion = 17.3.32819.101
MinimumVisualStudioVersion = 10.0.40219.1
Project("{FAE04EC0-301F-11D3-BF4B-00C04F79EFBC}") = "Multiplicasion Constructor", "Multiplicasion Constructor\Multiplicasion Constructor.csproj", "{3DCD0E6C-8EA1-4BA4-BA34-25245F74B36C}"
EndProject
Global
	GlobalSection(SolutionConfigurationPlatforms) = preSolution
		Debug|Any CPU = Debug|Any CPU
		Release|Any CPU = Release|Any CPU
	EndGlobalSection
	GlobalSection(ProjectConfigurationPlatforms) = postSolution
		{3DCD0E6C-8EA1-4BA4-BA34-25245F74B36C}.Debug|Any CPU.ActiveCfg = Debug|Any CPU
		{3DCD0E6C-8EA1-4BA4-BA34-25245F74B36C}.Debug|Any CPU.Build.0 = Debug|Any CPU
		{3DCD0E6C-8EA1-4BA4-BA34-25245F74B36C}.Release|Any CPU.ActiveCfg = Release|Any CPU
		{3DCD0E6C-8EA1-4BA4-BA34-25245F74B36C}.Release|Any CPU.Build.0 = Release|Any CPU
	EndGlobalSection
	GlobalSection(SolutionProperties) = preSolution
		HideSolutionNode = FALSE
	EndGlobalSection
	GlobalSection(ExtensibilityGlobals) = postSolution
		SolutionGuid = {D84D8046-4C46-4429-A94D-73865C1318E2}
	EndGlobalSection
EndGlobal
